
Microsoft Visual Studio Solution File, Format Version 12.00
# Visual Studio 15
VisualStudioVersion = 15.0.27703.2026
MinimumVisualStudioVersion = 10.0.40219.1
Project("{2150E333-8FDC-42A3-9474-1A3956D46DE8}") = "Appli", "Appli", "{9A01EBB8-EC25-4E5E-9E01-041A4E212F9D}"
EndProject
Project("{2150E333-8FDC-42A3-9474-1A3956D46DE8}") = "Tests", "Tests", "{A99DBCC3-9ABD-4463-A448-E50B8EB04750}"
EndProject
Project("{2150E333-8FDC-42A3-9474-1A3956D46DE8}") = "10-Reposit", "10-Reposit", "{DA7CE563-6F62-4F62-AD0D-547E1E5C2A39}"
EndProject
Project("{2150E333-8FDC-42A3-9474-1A3956D46DE8}") = "Impl", "Impl", "{B65D7B50-E284-4E5A-8581-2E03500F9AFC}"
EndProject
Project("{2150E333-8FDC-42A3-9474-1A3956D46DE8}") = "Dev", "Dev", "{E906CFF1-2E4C-47D6-9956-F8403C0AD44F}"
EndProject
Project("{2150E333-8FDC-42A3-9474-1A3956D46DE8}") = "10-Engine", "10-Engine", "{51AD828F-AE6F-4EFB-A249-5993E524B443}"
EndProject
Project("{9A19103F-16F7-4668-BE54-9A1E7A4F7556}") = "Etagair.Core.Reposit.Contract", "Appli\10-Engine\10-Reposit\Etagair.Core.Reposit.Contract\Etagair.Core.Reposit.Contract.csproj", "{9B2C9A51-401D-45ED-8C63-C40DCB6FB894}"
EndProject
Project("{9A19103F-16F7-4668-BE54-9A1E7A4F7556}") = "Etagair.Core.System", "Appli\10-Engine\Etagair.Core.System\Etagair.Core.System.csproj", "{399F4367-7C3C-4C51-B6D0-CECA9068C6B7}"
EndProject
Project("{9A19103F-16F7-4668-BE54-9A1E7A4F7556}") = "Etagair.Core", "Appli\10-Engine\Etagair.Core\Etagair.Core.csproj", "{CE06A78B-6AED-4529-958A-74B6628063A5}"
EndProject
Project("{9A19103F-16F7-4668-BE54-9A1E7A4F7556}") = "Etagair.Core.Reposit.LiteDB", "Appli\10-Engine\10-Reposit\Impl\Etagair.Core.Reposit.LiteDB\Etagair.Core.Reposit.LiteDB.csproj", "{B633CB39-824B-481F-94C9-1178017EAA90}"
EndProject
Project("{9A19103F-16F7-4668-BE54-9A1E7A4F7556}") = "Etagair.Core.Reposit.InMemory", "Appli\10-Engine\10-Reposit\Impl\Etagair.Core.Reposit.InMemory\Etagair.Core.Reposit.InMemory.csproj", "{AB79876E-CA0D-4A22-AAEE-41956BC03C9E}"
EndProject
Project("{9A19103F-16F7-4668-BE54-9A1E7A4F7556}") = "DevApp", "Dev\DevApp\DevApp.csproj", "{0809B1BA-8820-4186-86FA-28DB0A6498C0}"
EndProject
Project("{9A19103F-16F7-4668-BE54-9A1E7A4F7556}") = "Etagair.Core.Tests", "Tests\Etagair.Core.Tests\Etagair.Core.Tests.csproj", "{D55D0E37-1F17-4574-AA72-979B5424EBAE}"
EndProject
Project("{9A19103F-16F7-4668-BE54-9A1E7A4F7556}") = "Etagair.Engine", "Appli\10-Engine\Etagair.Engine\Etagair.Engine.csproj", "{8BF6A991-7358-459A-ADA4-690FE274EA34}"
EndProject
Project("{2150E333-8FDC-42A3-9474-1A3956D46DE8}") = "_BuildNuget", "_BuildNuget", "{7A878042-500B-47EF-BE2B-1752D0C55F3A}"
	ProjectSection(SolutionItems) = preProject
		_BuildNuget\readme.txt = _BuildNuget\readme.txt
	EndProjectSection
EndProject
Project("{2150E333-8FDC-42A3-9474-1A3956D46DE8}") = "Built", "Built", "{4A421E13-56A9-4DD4-A25C-05D98401B60B}"
EndProject
Project("{2150E333-8FDC-42A3-9474-1A3956D46DE8}") = "Model", "Model", "{60BAA258-4F46-474B-A4DE-68136CEE4391}"
	ProjectSection(SolutionItems) = preProject
		_BuildNuget\Model\Etagair.nuspec = _BuildNuget\Model\Etagair.nuspec
		_BuildNuget\Model\Etagair.png = _BuildNuget\Model\Etagair.png
	EndProjectSection
EndProject
Project("{2150E333-8FDC-42A3-9474-1A3956D46DE8}") = "_Resx", "_Resx", "{E7320CFE-29A1-45D2-A91B-1F28AB950B32}"
EndProject
Project("{2150E333-8FDC-42A3-9474-1A3956D46DE8}") = "Logo", "Logo", "{5D295211-5169-4CD1-AED7-A6EE009C6438}"
	ProjectSection(SolutionItems) = preProject
		_Resx\Logo\Etagair_logo128.jpg = _Resx\Logo\Etagair_logo128.jpg
	EndProjectSection
EndProject
Project("{FAE04EC0-301F-11D3-BF4B-00C04F79EFBC}") = "DevUseFromNugetApp", "Dev\DevUseFromNugetApp\DevUseFromNugetApp.csproj", "{69F16855-5AC5-41DC-AFDD-366F8DBD5DCA}"
EndProject
Project("{2150E333-8FDC-42A3-9474-1A3956D46DE8}") = "license", "license", "{6CA0060B-08BA-40F7-AF89-AB04E04E96B8}"
	ProjectSection(SolutionItems) = preProject
		_BuildNuget\Model\license\license.txt = _BuildNuget\Model\license\license.txt
	EndProjectSection
EndProject
Global
	GlobalSection(SolutionConfigurationPlatforms) = preSolution
		Debug|Any CPU = Debug|Any CPU
		Release|Any CPU = Release|Any CPU
	EndGlobalSection
	GlobalSection(ProjectConfigurationPlatforms) = postSolution
		{9B2C9A51-401D-45ED-8C63-C40DCB6FB894}.Debug|Any CPU.ActiveCfg = Debug|Any CPU
		{9B2C9A51-401D-45ED-8C63-C40DCB6FB894}.Debug|Any CPU.Build.0 = Debug|Any CPU
		{9B2C9A51-401D-45ED-8C63-C40DCB6FB894}.Release|Any CPU.ActiveCfg = Release|Any CPU
		{9B2C9A51-401D-45ED-8C63-C40DCB6FB894}.Release|Any CPU.Build.0 = Release|Any CPU
		{399F4367-7C3C-4C51-B6D0-CECA9068C6B7}.Debug|Any CPU.ActiveCfg = Debug|Any CPU
		{399F4367-7C3C-4C51-B6D0-CECA9068C6B7}.Debug|Any CPU.Build.0 = Debug|Any CPU
		{399F4367-7C3C-4C51-B6D0-CECA9068C6B7}.Release|Any CPU.ActiveCfg = Release|Any CPU
		{399F4367-7C3C-4C51-B6D0-CECA9068C6B7}.Release|Any CPU.Build.0 = Release|Any CPU
		{CE06A78B-6AED-4529-958A-74B6628063A5}.Debug|Any CPU.ActiveCfg = Debug|Any CPU
		{CE06A78B-6AED-4529-958A-74B6628063A5}.Debug|Any CPU.Build.0 = Debug|Any CPU
		{CE06A78B-6AED-4529-958A-74B6628063A5}.Release|Any CPU.ActiveCfg = Release|Any CPU
		{CE06A78B-6AED-4529-958A-74B6628063A5}.Release|Any CPU.Build.0 = Release|Any CPU
		{B633CB39-824B-481F-94C9-1178017EAA90}.Debug|Any CPU.ActiveCfg = Debug|Any CPU
		{B633CB39-824B-481F-94C9-1178017EAA90}.Debug|Any CPU.Build.0 = Debug|Any CPU
		{B633CB39-824B-481F-94C9-1178017EAA90}.Release|Any CPU.ActiveCfg = Release|Any CPU
		{B633CB39-824B-481F-94C9-1178017EAA90}.Release|Any CPU.Build.0 = Release|Any CPU
		{AB79876E-CA0D-4A22-AAEE-41956BC03C9E}.Debug|Any CPU.ActiveCfg = Debug|Any CPU
		{AB79876E-CA0D-4A22-AAEE-41956BC03C9E}.Debug|Any CPU.Build.0 = Debug|Any CPU
		{AB79876E-CA0D-4A22-AAEE-41956BC03C9E}.Release|Any CPU.ActiveCfg = Release|Any CPU
		{AB79876E-CA0D-4A22-AAEE-41956BC03C9E}.Release|Any CPU.Build.0 = Release|Any CPU
		{0809B1BA-8820-4186-86FA-28DB0A6498C0}.Debug|Any CPU.ActiveCfg = Debug|Any CPU
		{0809B1BA-8820-4186-86FA-28DB0A6498C0}.Debug|Any CPU.Build.0 = Debug|Any CPU
		{0809B1BA-8820-4186-86FA-28DB0A6498C0}.Release|Any CPU.ActiveCfg = Release|Any CPU
		{0809B1BA-8820-4186-86FA-28DB0A6498C0}.Release|Any CPU.Build.0 = Release|Any CPU
		{D55D0E37-1F17-4574-AA72-979B5424EBAE}.Debug|Any CPU.ActiveCfg = Debug|Any CPU
		{D55D0E37-1F17-4574-AA72-979B5424EBAE}.Debug|Any CPU.Build.0 = Debug|Any CPU
		{D55D0E37-1F17-4574-AA72-979B5424EBAE}.Release|Any CPU.ActiveCfg = Release|Any CPU
		{D55D0E37-1F17-4574-AA72-979B5424EBAE}.Release|Any CPU.Build.0 = Release|Any CPU
		{8BF6A991-7358-459A-ADA4-690FE274EA34}.Debug|Any CPU.ActiveCfg = Debug|Any CPU
		{8BF6A991-7358-459A-ADA4-690FE274EA34}.Debug|Any CPU.Build.0 = Debug|Any CPU
		{8BF6A991-7358-459A-ADA4-690FE274EA34}.Release|Any CPU.ActiveCfg = Release|Any CPU
		{8BF6A991-7358-459A-ADA4-690FE274EA34}.Release|Any CPU.Build.0 = Release|Any CPU
		{69F16855-5AC5-41DC-AFDD-366F8DBD5DCA}.Debug|Any CPU.ActiveCfg = Debug|Any CPU
		{69F16855-5AC5-41DC-AFDD-366F8DBD5DCA}.Debug|Any CPU.Build.0 = Debug|Any CPU
		{69F16855-5AC5-41DC-AFDD-366F8DBD5DCA}.Release|Any CPU.ActiveCfg = Release|Any CPU
		{69F16855-5AC5-41DC-AFDD-366F8DBD5DCA}.Release|Any CPU.Build.0 = Release|Any CPU
	EndGlobalSection
	GlobalSection(SolutionProperties) = preSolution
		HideSolutionNode = FALSE
	EndGlobalSection
	GlobalSection(NestedProjects) = preSolution
		{DA7CE563-6F62-4F62-AD0D-547E1E5C2A39} = {51AD828F-AE6F-4EFB-A249-5993E524B443}
		{B65D7B50-E284-4E5A-8581-2E03500F9AFC} = {DA7CE563-6F62-4F62-AD0D-547E1E5C2A39}
		{51AD828F-AE6F-4EFB-A249-5993E524B443} = {9A01EBB8-EC25-4E5E-9E01-041A4E212F9D}
		{9B2C9A51-401D-45ED-8C63-C40DCB6FB894} = {DA7CE563-6F62-4F62-AD0D-547E1E5C2A39}
		{399F4367-7C3C-4C51-B6D0-CECA9068C6B7} = {51AD828F-AE6F-4EFB-A249-5993E524B443}
		{CE06A78B-6AED-4529-958A-74B6628063A5} = {51AD828F-AE6F-4EFB-A249-5993E524B443}
		{B633CB39-824B-481F-94C9-1178017EAA90} = {B65D7B50-E284-4E5A-8581-2E03500F9AFC}
		{AB79876E-CA0D-4A22-AAEE-41956BC03C9E} = {B65D7B50-E284-4E5A-8581-2E03500F9AFC}
		{0809B1BA-8820-4186-86FA-28DB0A6498C0} = {E906CFF1-2E4C-47D6-9956-F8403C0AD44F}
		{D55D0E37-1F17-4574-AA72-979B5424EBAE} = {A99DBCC3-9ABD-4463-A448-E50B8EB04750}
		{8BF6A991-7358-459A-ADA4-690FE274EA34} = {51AD828F-AE6F-4EFB-A249-5993E524B443}
		{4A421E13-56A9-4DD4-A25C-05D98401B60B} = {7A878042-500B-47EF-BE2B-1752D0C55F3A}
		{60BAA258-4F46-474B-A4DE-68136CEE4391} = {7A878042-500B-47EF-BE2B-1752D0C55F3A}
		{5D295211-5169-4CD1-AED7-A6EE009C6438} = {E7320CFE-29A1-45D2-A91B-1F28AB950B32}
		{69F16855-5AC5-41DC-AFDD-366F8DBD5DCA} = {E906CFF1-2E4C-47D6-9956-F8403C0AD44F}
		{6CA0060B-08BA-40F7-AF89-AB04E04E96B8} = {60BAA258-4F46-474B-A4DE-68136CEE4391}
	EndGlobalSection
	GlobalSection(ExtensibilityGlobals) = postSolution
		SolutionGuid = {BE06C0D3-9AB5-4286-A49B-6A438751863E}
	EndGlobalSection
EndGlobal
